
Microsoft Visual Studio Solution File, Format Version 12.00
# Visual Studio 15
VisualStudioVersion = 15.0.28307.757
MinimumVisualStudioVersion = 10.0.40219.1
Project("{9A19103F-16F7-4668-BE54-9A1E7A4F7556}") = "Taikoshin.Framework", "Taikoshin.Framework\Taikoshin.Framework.csproj", "{76D05212-B73A-4CD5-8E88-AE8B532A238A}"
EndProject
Project("{9A19103F-16F7-4668-BE54-9A1E7A4F7556}") = "Taikoshin.Resources", "Taikoshin.Resources\Taikoshin.Resources.csproj", "{F1A10B02-EBD8-4AA1-A0B0-5367875763D6}"
EndProject
Project("{FAE04EC0-301F-11D3-BF4B-00C04F79EFBC}") = "Taikoshin", "Taikoshin\Taikoshin.csproj", "{B5DC21BE-E0D2-4BC3-8001-C2E4526E4FD1}"
EndProject
Global
	GlobalSection(SolutionConfigurationPlatforms) = preSolution
		Debug|Any CPU = Debug|Any CPU
		Release|Any CPU = Release|Any CPU
	EndGlobalSection
	GlobalSection(ProjectConfigurationPlatforms) = postSolution
		{76D05212-B73A-4CD5-8E88-AE8B532A238A}.Debug|Any CPU.ActiveCfg = Debug|Any CPU
		{76D05212-B73A-4CD5-8E88-AE8B532A238A}.Debug|Any CPU.Build.0 = Debug|Any CPU
		{76D05212-B73A-4CD5-8E88-AE8B532A238A}.Release|Any CPU.ActiveCfg = Release|Any CPU
		{76D05212-B73A-4CD5-8E88-AE8B532A238A}.Release|Any CPU.Build.0 = Release|Any CPU
		{F1A10B02-EBD8-4AA1-A0B0-5367875763D6}.Debug|Any CPU.ActiveCfg = Debug|Any CPU
		{F1A10B02-EBD8-4AA1-A0B0-5367875763D6}.Debug|Any CPU.Build.0 = Debug|Any CPU
		{F1A10B02-EBD8-4AA1-A0B0-5367875763D6}.Release|Any CPU.ActiveCfg = Release|Any CPU
		{F1A10B02-EBD8-4AA1-A0B0-5367875763D6}.Release|Any CPU.Build.0 = Release|Any CPU
		{B5DC21BE-E0D2-4BC3-8001-C2E4526E4FD1}.Debug|Any CPU.ActiveCfg = Debug|Any CPU
		{B5DC21BE-E0D2-4BC3-8001-C2E4526E4FD1}.Debug|Any CPU.Build.0 = Debug|Any CPU
		{B5DC21BE-E0D2-4BC3-8001-C2E4526E4FD1}.Release|Any CPU.ActiveCfg = Release|Any CPU
		{B5DC21BE-E0D2-4BC3-8001-C2E4526E4FD1}.Release|Any CPU.Build.0 = Release|Any CPU
	EndGlobalSection
	GlobalSection(SolutionProperties) = preSolution
		HideSolutionNode = FALSE
	EndGlobalSection
	GlobalSection(ExtensibilityGlobals) = postSolution
		SolutionGuid = {5EF1EA04-0C0C-40B4-B396-3AA6A0CA6E32}
	EndGlobalSection
EndGlobal
